{
    "_meta": {
        "hash": {
            "sha256": "77cbe15d80f3ceb1d67e00ef00201b2ff2c319eb03221008e1e8f60d7aec99ef"
        },
        "pipfile-spec": 6,
        "requires": {
            "python_version": "3.9"
        },
        "sources": [
            {
                "name": "pypi",
                "url": "https://pypi.org/simple",
                "verify_ssl": true
            }
        ]
    },
    "default": {
        "async-generator": {
            "hashes": [
                "sha256:01c7bf666359b4967d2cda0000cc2e4af16a0ae098cbffcb8472fb9e8ad6585b",
                "sha256:6ebb3d106c12920aaae42ccb6f787ef5eefdcdd166ea3d628fa8476abe712144"
            ],
            "markers": "python_version >= '3.5'",
            "version": "==1.10"
        },
        "attrs": {
            "hashes": [
                "sha256:149e90d6d8ac20db7a955ad60cf0e6881a3f20d37096140088356da6c716b0b1",
                "sha256:ef6aaac3ca6cd92904cdd0d83f629a15f18053ec84e6432106f7a4d04ae4f5fb"
            ],
            "markers": "python_version >= '2.7' and python_version not in '3.0, 3.1, 3.2, 3.3, 3.4'",
            "version": "==21.2.0"
        },
        "beautifulsoup4": {
            "hashes": [
                "sha256:9a315ce70049920ea4572a4055bc4bd700c940521d36fc858205ad4fcde149bf",
                "sha256:c23ad23c521d818955a4151a67d81580319d4bf548d3d49f4223ae041ff98891"
            ],
            "markers": "python_version >= '3.1'",
            "version": "==4.10.0"
        },
        "bs4": {
            "hashes": [
                "sha256:36ecea1fd7cc5c0c6e4a1ff075df26d50da647b75376626cc186e2212886dd3a"
            ],
            "index": "pypi",
            "version": "==0.0.1"
        },
        "certifi": {
            "hashes": [
                "sha256:78884e7c1d4b00ce3cea67b44566851c4343c120abd683433ce934a68ea58872",
                "sha256:d62a0163eb4c2344ac042ab2bdf75399a71a2d8c7d47eac2e2ee91b9d6339569"
            ],
            "version": "==2021.10.8"
        },
        "cffi": {
            "hashes": [
                "sha256:00c878c90cb53ccfaae6b8bc18ad05d2036553e6d9d1d9dbcf323bbe83854ca3",
                "sha256:0104fb5ae2391d46a4cb082abdd5c69ea4eab79d8d44eaaf79f1b1fd806ee4c2",
                "sha256:06c48159c1abed75c2e721b1715c379fa3200c7784271b3c46df01383b593636",
                "sha256:0808014eb713677ec1292301ea4c81ad277b6cdf2fdd90fd540af98c0b101d20",
                "sha256:10dffb601ccfb65262a27233ac273d552ddc4d8ae1bf93b21c94b8511bffe728",
                "sha256:14cd121ea63ecdae71efa69c15c5543a4b5fbcd0bbe2aad864baca0063cecf27",
                "sha256:17771976e82e9f94976180f76468546834d22a7cc404b17c22df2a2c81db0c66",
                "sha256:181dee03b1170ff1969489acf1c26533710231c58f95534e3edac87fff06c443",
                "sha256:23cfe892bd5dd8941608f93348c0737e369e51c100d03718f108bf1add7bd6d0",
                "sha256:263cc3d821c4ab2213cbe8cd8b355a7f72a8324577dc865ef98487c1aeee2bc7",
                "sha256:2756c88cbb94231c7a147402476be2c4df2f6078099a6f4a480d239a8817ae39",
                "sha256:27c219baf94952ae9d50ec19651a687b826792055353d07648a5695413e0c605",
                "sha256:2a23af14f408d53d5e6cd4e3d9a24ff9e05906ad574822a10563efcef137979a",
                "sha256:31fb708d9d7c3f49a60f04cf5b119aeefe5644daba1cd2a0fe389b674fd1de37",
                "sha256:3415c89f9204ee60cd09b235810be700e993e343a408693e80ce7f6a40108029",
                "sha256:3773c4d81e6e818df2efbc7dd77325ca0dcb688116050fb2b3011218eda36139",
                "sha256:3b96a311ac60a3f6be21d2572e46ce67f09abcf4d09344c49274eb9e0bf345fc",
                "sha256:3f7d084648d77af029acb79a0ff49a0ad7e9d09057a9bf46596dac9514dc07df",
                "sha256:41d45de54cd277a7878919867c0f08b0cf817605e4eb94093e7516505d3c8d14",
                "sha256:4238e6dab5d6a8ba812de994bbb0a79bddbdf80994e4ce802b6f6f3142fcc880",
                "sha256:45db3a33139e9c8f7c09234b5784a5e33d31fd6907800b316decad50af323ff2",
                "sha256:45e8636704eacc432a206ac7345a5d3d2c62d95a507ec70d62f23cd91770482a",
                "sha256:4958391dbd6249d7ad855b9ca88fae690783a6be9e86df65865058ed81fc860e",
                "sha256:4a306fa632e8f0928956a41fa8e1d6243c71e7eb59ffbd165fc0b41e316b2474",
                "sha256:57e9ac9ccc3101fac9d6014fba037473e4358ef4e89f8e181f8951a2c0162024",
                "sha256:59888172256cac5629e60e72e86598027aca6bf01fa2465bdb676d37636573e8",
                "sha256:5e069f72d497312b24fcc02073d70cb989045d1c91cbd53979366077959933e0",
                "sha256:64d4ec9f448dfe041705426000cc13e34e6e5bb13736e9fd62e34a0b0c41566e",
                "sha256:6dc2737a3674b3e344847c8686cf29e500584ccad76204efea14f451d4cc669a",
                "sha256:74fdfdbfdc48d3f47148976f49fab3251e550a8720bebc99bf1483f5bfb5db3e",
                "sha256:75e4024375654472cc27e91cbe9eaa08567f7fbdf822638be2814ce059f58032",
                "sha256:786902fb9ba7433aae840e0ed609f45c7bcd4e225ebb9c753aa39725bb3e6ad6",
                "sha256:8b6c2ea03845c9f501ed1313e78de148cd3f6cad741a75d43a29b43da27f2e1e",
                "sha256:91d77d2a782be4274da750752bb1650a97bfd8f291022b379bb8e01c66b4e96b",
                "sha256:91ec59c33514b7c7559a6acda53bbfe1b283949c34fe7440bcf917f96ac0723e",
                "sha256:920f0d66a896c2d99f0adbb391f990a84091179542c205fa53ce5787aff87954",
                "sha256:a5263e363c27b653a90078143adb3d076c1a748ec9ecc78ea2fb916f9b861962",
                "sha256:abb9a20a72ac4e0fdb50dae135ba5e77880518e742077ced47eb1499e29a443c",
                "sha256:c2051981a968d7de9dd2d7b87bcb9c939c74a34626a6e2f8181455dd49ed69e4",
                "sha256:c21c9e3896c23007803a875460fb786118f0cdd4434359577ea25eb556e34c55",
                "sha256:c2502a1a03b6312837279c8c1bd3ebedf6c12c4228ddbad40912d671ccc8a962",
                "sha256:d4d692a89c5cf08a8557fdeb329b82e7bf609aadfaed6c0d79f5a449a3c7c023",
                "sha256:da5db4e883f1ce37f55c667e5c0de439df76ac4cb55964655906306918e7363c",
                "sha256:e7022a66d9b55e93e1a845d8c9eba2a1bebd4966cd8bfc25d9cd07d515b33fa6",
                "sha256:ef1f279350da2c586a69d32fc8733092fd32cc8ac95139a00377841f59a3f8d8",
                "sha256:f54a64f8b0c8ff0b64d18aa76675262e1700f3995182267998c31ae974fbc382",
                "sha256:f5c7150ad32ba43a07c4479f40241756145a1f03b43480e058cfd862bf5041c7",
                "sha256:f6f824dc3bce0edab5f427efcfb1d63ee75b6fcb7282900ccaf925be84efb0fc",
                "sha256:fd8a250edc26254fe5b33be00402e6d287f562b6a5b2152dec302fa15bb3e997",
                "sha256:ffaa5c925128e29efbde7301d8ecaf35c8c60ffbcd6a1ffd3a552177c8e5e796"
            ],
            "version": "==1.15.0"
        },
        "charset-normalizer": {
            "hashes": [
                "sha256:1eecaa09422db5be9e29d7fc65664e6c33bd06f9ced7838578ba40d58bdf3721",
                "sha256:b0b883e8e874edfdece9c28f314e3dd5badf067342e42fb162203335ae61aa2c"
            ],
            "markers": "python_version >= '3'",
            "version": "==2.0.9"
        },
        "click": {
            "hashes": [
                "sha256:353f466495adaeb40b6b5f592f9f91cb22372351c84caeb068132442a4518ef3",
                "sha256:410e932b050f5eed773c4cda94de75971c89cdb3155a72a0831139a79e5ecb5b"
            ],
            "markers": "python_version >= '3.6'",
            "version": "==8.0.3"
        },
        "cryptography": {
            "hashes": [
                "sha256:2049f8b87f449fc6190350de443ee0c1dd631f2ce4fa99efad2984de81031681",
                "sha256:231c4a69b11f6af79c1495a0e5a85909686ea8db946935224b7825cfb53827ed",
                "sha256:24469d9d33217ffd0ce4582dfcf2a76671af115663a95328f63c99ec7ece61a4",
                "sha256:2deab5ec05d83ddcf9b0916319674d3dae88b0e7ee18f8962642d3cde0496568",
                "sha256:494106e9cd945c2cadfce5374fa44c94cfadf01d4566a3b13bb487d2e6c7959e",
                "sha256:4c702855cd3174666ef0d2d13dcc879090aa9c6c38f5578896407a7028f75b9f",
                "sha256:52f769ecb4ef39865719aedc67b4b7eae167bafa48dbc2a26dd36fa56460507f",
                "sha256:5c49c9e8fb26a567a2b3fa0343c89f5d325447956cc2fc7231c943b29a973712",
                "sha256:684993ff6f67000a56454b41bdc7e015429732d65a52d06385b6e9de6181c71e",
                "sha256:6fbbbb8aab4053fa018984bb0e95a16faeb051dd8cca15add2a27e267ba02b58",
                "sha256:8982c19bb90a4fa2aad3d635c6d71814e38b643649b4000a8419f8691f20ac44",
                "sha256:9511416e85e449fe1de73f7f99b21b3aa04fba4c4d335d30c486ba3756e3a2a6",
                "sha256:97199a13b772e74cdcdb03760c32109c808aff7cd49c29e9cf4b7754bb725d1d",
                "sha256:a776bae1629c8d7198396fd93ec0265f8dd2341c553dc32b976168aaf0e6a636",
                "sha256:aa94d617a4cd4cdf4af9b5af65100c036bce22280ebb15d8b5262e8273ebc6ba",
                "sha256:b17d83b3d1610e571fedac21b2eb36b816654d6f7496004d6a0d32f99d1d8120",
                "sha256:d73e3a96c38173e0aa5646c31bf8473bc3564837977dd480f5cbeacf1d7ef3a3",
                "sha256:d91bc9f535599bed58f6d2e21a2724cb0c3895bf41c6403fe881391d29096f1d",
                "sha256:ef216d13ac8d24d9cd851776662f75f8d29c9f2d05cdcc2d34a18d32463a9b0b",
                "sha256:f6a5a85beb33e57998dc605b9dbe7deaa806385fdf5c4810fb849fcd04640c81",
                "sha256:f92556f94e476c1b616e6daec5f7ddded2c082efa7cee7f31c7aeda615906ed8"
            ],
            "version": "==36.0.0"
        },
        "gensim": {
            "hashes": [
                "sha256:1932c257de4eccbb64cc40d46e8577a25f5f47b94b96019a969fb36150f11d15",
                "sha256:1ff0171ec5b7473facb1441426a6b41e8ec4599fd62e1820868ab965804e3d4c",
                "sha256:36222dbf89aa57909131fc79654e92c918e1075b9ebd00532c3d23b76b6ce8eb",
                "sha256:39139be83c3128e234216189a094f959ac2b052a808911b0b56d980d5f96981f",
                "sha256:3e34cfe767a8db52812826136d6e94863081fd1456726bd1ff40b4e25965fbb5",
                "sha256:58d9ab570b225f3aafec55286864560a25701f7446af9dbc0ad51aa5f61712fa",
                "sha256:615d2a57efeaf97cd847e95f83b2fc168f9d22f4922aaa9cda9350f05648560c",
                "sha256:66a9574f9f2bbf8fd8e6d7a120443793b96bfd4c153b41f266b6299aa3362de7",
                "sha256:7bbc3d6c80c9fd97b89dfee2f44562b75542f72141f5fbacb91334597485f55c",
                "sha256:804e18d76d9034bc70f93b8407680b7956c99f03914e85e31dd8b296623dc0ed",
                "sha256:8bd89b791e6729a9dd1c345d32fc9e2ba51348cf54fbaa8d49259eb92e719084",
                "sha256:8c6a4b271f4d554fdf14b9cb34d4da6cde7084f7f581c5c6dd5fcac648db35be",
                "sha256:8d0bf4074ff467a0b22c5e4cecfb7d12afcca6246dac515d5a06ab7e4c775f8e",
                "sha256:d4b4ca5d1408e2d89e0ac45cd8a432abf747d5b62eea68e6dccacefa03d759c9",
                "sha256:d812dcdf2bfaf527a09ecf867303c117d6f497233db08f1d8209ffb71aaf3fdb",
                "sha256:ea47999c7da97472fce8f0831a63e4089d85539c8e0cdb895f087aea1eed4a3b",
                "sha256:f6133b0f76d0c262231465936cded8920df88edf079df1e7bfe95f049ad8301e"
            ],
            "index": "pypi",
            "version": "==4.1.2"
        },
        "h11": {
            "hashes": [
                "sha256:36a3cb8c0a032f56e2da7084577878a035d3b61d104230d4bd49c0c6b555a9c6",
                "sha256:47222cb6067e4a307d535814917cd98fd0a57b6788ce715755fa2b6c28b56042"
            ],
            "markers": "python_version >= '3.6'",
            "version": "==0.12.0"
        },
        "idna": {
            "hashes": [
                "sha256:84d9dd047ffa80596e0f246e2eab0b391788b0503584e8945f2368256d2735ff",
                "sha256:9d643ff0a55b762d5cdb124b8eaa99c66322e2157b69160bc32796e824360e6d"
            ],
            "markers": "python_version >= '3'",
            "version": "==3.3"
        },
        "iniconfig": {
            "hashes": [
                "sha256:011e24c64b7f47f6ebd835bb12a743f2fbe9a26d4cecaa7f53bc4f35ee9da8b3",
                "sha256:bc3af051d7d14b2ee5ef9969666def0cd1a000e121eaea580d4a313df4b37f32"
            ],
            "version": "==1.1.1"
        },
        "joblib": {
            "hashes": [
                "sha256:4158fcecd13733f8be669be0683b96ebdbbd38d23559f54dca7205aea1bf1e35",
                "sha256:f21f109b3c7ff9d95f8387f752d0d9c34a02aa2f7060c2135f465da0e5160ff6"
            ],
            "markers": "python_version >= '3.6'",
            "version": "==1.1.0"
        },
        "nltk": {
            "hashes": [
                "sha256:834d1a8e38496369390be699be9bca4f2a0f2175b50327272b2ec7a98ffda2a0",
                "sha256:95fb4f577efe93af21765e9b2852235c2c6a405885da2a70f397478d94e906e0"
            ],
            "index": "pypi",
            "version": "==3.6.5"
        },
        "numpy": {
            "hashes": [
                "sha256:0b78ecfa070460104934e2caf51694ccd00f37d5e5dbe76f021b1b0b0d221823",
                "sha256:1247ef28387b7bb7f21caf2dbe4767f4f4175df44d30604d42ad9bd701ebb31f",
                "sha256:1403b4e2181fc72664737d848b60e65150f272fe5a1c1cbc16145ed43884065a",
                "sha256:170b2a0805c6891ca78c1d96ee72e4c3ed1ae0a992c75444b6ab20ff038ba2cd",
                "sha256:2e4ed57f45f0aa38beca2a03b6532e70e548faf2debbeb3291cfc9b315d9be8f",
                "sha256:32fe5b12061f6446adcbb32cf4060a14741f9c21e15aaee59a207b6ce6423469",
                "sha256:34f3456f530ae8b44231c63082c8899fe9c983fd9b108c997c4b1c8c2d435333",
                "sha256:4c9c23158b87ed0e70d9a50c67e5c0b3f75bcf2581a8e34668d4e9d7474d76c6",
                "sha256:5d95668e727c75b3f5088ec7700e260f90ec83f488e4c0aaccb941148b2cd377",
                "sha256:615d4e328af7204c13ae3d4df7615a13ff60a49cb0d9106fde07f541207883ca",
                "sha256:69077388c5a4b997442b843dbdc3a85b420fb693ec8e33020bb24d647c164fa5",
                "sha256:74b85a17528ca60cf98381a5e779fc0264b4a88b46025e6bcbe9621f46bb3e63",
                "sha256:81225e58ef5fce7f1d80399575576fc5febec79a8a2742e8ef86d7b03beef49f",
                "sha256:8890b3360f345e8360133bc078d2dacc2843b6ee6059b568781b15b97acbe39f",
                "sha256:92aafa03da8658609f59f18722b88f0a73a249101169e28415b4fa148caf7e41",
                "sha256:9864424631775b0c052f3bd98bc2712d131b3e2cd95d1c0c68b91709170890b0",
                "sha256:9e6f5f50d1eff2f2f752b3089a118aee1ea0da63d56c44f3865681009b0af162",
                "sha256:a3deb31bc84f2b42584b8c4001c85d1934dbfb4030827110bc36bfd11509b7bf",
                "sha256:ad010846cdffe7ec27e3f933397f8a8d6c801a48634f419e3d075db27acf5880",
                "sha256:b1e2312f5b8843a3e4e8224b2b48fe16119617b8fc0a54df8f50098721b5bed2",
                "sha256:bc988afcea53e6156546e5b2885b7efab089570783d9d82caf1cfd323b0bb3dd",
                "sha256:c449eb870616a7b62e097982c622d2577b3dbc800aaf8689254ec6e0197cbf1e",
                "sha256:c74c699b122918a6c4611285cc2cad4a3aafdb135c22a16ec483340ef97d573c",
                "sha256:c885bfc07f77e8fee3dc879152ba993732601f1f11de248d4f357f0ffea6a6d4",
                "sha256:e3c3e990274444031482a31280bf48674441e0a5b55ddb168f3a6db3e0c38ec8",
                "sha256:e4799be6a2d7d3c33699a6f77201836ac975b2e1b98c2a07f66a38f499cb50ce",
                "sha256:e6c76a87633aa3fa16614b61ccedfae45b91df2767cf097aa9c933932a7ed1e0",
                "sha256:e89717274b41ebd568cd7943fc9418eeb49b1785b66031bc8a7f6300463c5898",
                "sha256:f5162ec777ba7138906c9c274353ece5603646c6965570d82905546579573f73",
                "sha256:fde96af889262e85aa033f8ee1d3241e32bf36228318a61f1ace579df4e8170d"
            ],
            "markers": "python_version < '3.10' and platform_machine != 'aarch64' and platform_machine != 'arm64'",
            "version": "==1.21.4"
        },
        "outcome": {
            "hashes": [
                "sha256:c7dd9375cfd3c12db9801d080a3b63d4b0a261aa996c4c13152380587288d958",
                "sha256:e862f01d4e626e63e8f92c38d1f8d5546d3f9cce989263c521b2e7990d186967"
            ],
            "markers": "python_version >= '3.6'",
            "version": "==1.1.0"
        },
        "packaging": {
            "hashes": [
                "sha256:dd47c42927d89ab911e606518907cc2d3a1f38bbd026385970643f9c5b8ecfeb",
                "sha256:ef103e05f519cdc783ae24ea4e2e0f508a9c99b2d4969652eed6a2e1ea5bd522"
            ],
            "markers": "python_version >= '3.6'",
            "version": "==21.3"
        },
        "pandas": {
            "hashes": [
                "sha256:003ba92db58b71a5f8add604a17a059f3068ef4e8c0c365b088468d0d64935fd",
                "sha256:10e10a2527db79af6e830c3d5842a4d60383b162885270f8cffc15abca4ba4a9",
                "sha256:22808afb8f96e2269dcc5b846decacb2f526dd0b47baebc63d913bf847317c8f",
                "sha256:2d1dc09c0013d8faa7474574d61b575f9af6257ab95c93dcf33a14fd8d2c1bab",
                "sha256:35c77609acd2e4d517da41bae0c11c70d31c87aae8dd1aabd2670906c6d2c143",
                "sha256:372d72a3d8a5f2dbaf566a5fa5fa7f230842ac80f29a931fb4b071502cf86b9a",
                "sha256:42493f8ae67918bf129869abea8204df899902287a7f5eaf596c8e54e0ac7ff4",
                "sha256:4acc28364863127bca1029fb72228e6f473bb50c32e77155e80b410e2068eeac",
                "sha256:5298a733e5bfbb761181fd4672c36d0c627320eb999c59c65156c6a90c7e1b4f",
                "sha256:5ba0aac1397e1d7b654fccf263a4798a9e84ef749866060d19e577e927d66e1b",
                "sha256:9707bdc1ea9639c886b4d3be6e2a45812c1ac0c2080f94c31b71c9fa35556f9b",
                "sha256:a2aa18d3f0b7d538e21932f637fbfe8518d085238b429e4790a35e1e44a96ffc",
                "sha256:a388960f979665b447f0847626e40f99af8cf191bce9dc571d716433130cb3a7",
                "sha256:a51528192755f7429c5bcc9e80832c517340317c861318fea9cea081b57c9afd",
                "sha256:b528e126c13816a4374e56b7b18bfe91f7a7f6576d1aadba5dee6a87a7f479ae",
                "sha256:c1aa4de4919358c5ef119f6377bc5964b3a7023c23e845d9db7d9016fa0c5b1c",
                "sha256:c2646458e1dce44df9f71a01dc65f7e8fa4307f29e5c0f2f92c97f47a5bf22f5",
                "sha256:c2f44425594ae85e119459bb5abb0748d76ef01d9c08583a667e3339e134218e",
                "sha256:d47750cf07dee6b55d8423471be70d627314277976ff2edd1381f02d52dbadf9",
                "sha256:d99d2350adb7b6c3f7f8f0e5dfb7d34ff8dd4bc0a53e62c445b7e43e163fce63",
                "sha256:dd324f8ee05925ee85de0ea3f0d66e1362e8c80799eb4eb04927d32335a3e44a",
                "sha256:eaca36a80acaacb8183930e2e5ad7f71539a66805d6204ea88736570b2876a7b",
                "sha256:f567e972dce3bbc3a8076e0b675273b4a9e8576ac629149cf8286ee13c259ae5",
                "sha256:fe48e4925455c964db914b958f6e7032d285848b7538a5e1b19aeb26ffaea3ec"
            ],
            "index": "pypi",
            "version": "==1.3.4"
        },
        "pillow": {
            "hashes": [
                "sha256:066f3999cb3b070a95c3652712cffa1a748cd02d60ad7b4e485c3748a04d9d76",
                "sha256:0a0956fdc5defc34462bb1c765ee88d933239f9a94bc37d132004775241a7585",
                "sha256:0b052a619a8bfcf26bd8b3f48f45283f9e977890263e4571f2393ed8898d331b",
                "sha256:1394a6ad5abc838c5cd8a92c5a07535648cdf6d09e8e2d6df916dfa9ea86ead8",
                "sha256:1bc723b434fbc4ab50bb68e11e93ce5fb69866ad621e3c2c9bdb0cd70e345f55",
                "sha256:244cf3b97802c34c41905d22810846802a3329ddcb93ccc432870243211c79fc",
                "sha256:25a49dc2e2f74e65efaa32b153527fc5ac98508d502fa46e74fa4fd678ed6645",
                "sha256:2e4440b8f00f504ee4b53fe30f4e381aae30b0568193be305256b1462216feff",
                "sha256:3862b7256046fcd950618ed22d1d60b842e3a40a48236a5498746f21189afbbc",
                "sha256:3eb1ce5f65908556c2d8685a8f0a6e989d887ec4057326f6c22b24e8a172c66b",
                "sha256:3f97cfb1e5a392d75dd8b9fd274d205404729923840ca94ca45a0af57e13dbe6",
                "sha256:493cb4e415f44cd601fcec11c99836f707bb714ab03f5ed46ac25713baf0ff20",
                "sha256:4acc0985ddf39d1bc969a9220b51d94ed51695d455c228d8ac29fcdb25810e6e",
                "sha256:5503c86916d27c2e101b7f71c2ae2cddba01a2cf55b8395b0255fd33fa4d1f1a",
                "sha256:5b7bb9de00197fb4261825c15551adf7605cf14a80badf1761d61e59da347779",
                "sha256:5e9ac5f66616b87d4da618a20ab0a38324dbe88d8a39b55be8964eb520021e02",
                "sha256:620582db2a85b2df5f8a82ddeb52116560d7e5e6b055095f04ad828d1b0baa39",
                "sha256:62cc1afda735a8d109007164714e73771b499768b9bb5afcbbee9d0ff374b43f",
                "sha256:70ad9e5c6cb9b8487280a02c0ad8a51581dcbbe8484ce058477692a27c151c0a",
                "sha256:72b9e656e340447f827885b8d7a15fc8c4e68d410dc2297ef6787eec0f0ea409",
                "sha256:72cbcfd54df6caf85cc35264c77ede902452d6df41166010262374155947460c",
                "sha256:792e5c12376594bfcb986ebf3855aa4b7c225754e9a9521298e460e92fb4a488",
                "sha256:7b7017b61bbcdd7f6363aeceb881e23c46583739cb69a3ab39cb384f6ec82e5b",
                "sha256:81f8d5c81e483a9442d72d182e1fb6dcb9723f289a57e8030811bac9ea3fef8d",
                "sha256:82aafa8d5eb68c8463b6e9baeb4f19043bb31fefc03eb7b216b51e6a9981ae09",
                "sha256:84c471a734240653a0ec91dec0996696eea227eafe72a33bd06c92697728046b",
                "sha256:8c803ac3c28bbc53763e6825746f05cc407b20e4a69d0122e526a582e3b5e153",
                "sha256:93ce9e955cc95959df98505e4608ad98281fff037350d8c2671c9aa86bcf10a9",
                "sha256:9a3e5ddc44c14042f0844b8cf7d2cd455f6cc80fd7f5eefbe657292cf601d9ad",
                "sha256:a4901622493f88b1a29bd30ec1a2f683782e57c3c16a2dbc7f2595ba01f639df",
                "sha256:a5a4532a12314149d8b4e4ad8ff09dde7427731fcfa5917ff16d0291f13609df",
                "sha256:b8831cb7332eda5dc89b21a7bce7ef6ad305548820595033a4b03cf3091235ed",
                "sha256:b8e2f83c56e141920c39464b852de3719dfbfb6e3c99a2d8da0edf4fb33176ed",
                "sha256:c70e94281588ef053ae8998039610dbd71bc509e4acbc77ab59d7d2937b10698",
                "sha256:c8a17b5d948f4ceeceb66384727dde11b240736fddeda54ca740b9b8b1556b29",
                "sha256:d82cdb63100ef5eedb8391732375e6d05993b765f72cb34311fab92103314649",
                "sha256:d89363f02658e253dbd171f7c3716a5d340a24ee82d38aab9183f7fdf0cdca49",
                "sha256:d99ec152570e4196772e7a8e4ba5320d2d27bf22fdf11743dd882936ed64305b",
                "sha256:ddc4d832a0f0b4c52fff973a0d44b6c99839a9d016fe4e6a1cb8f3eea96479c2",
                "sha256:e3dacecfbeec9a33e932f00c6cd7996e62f53ad46fbe677577394aaa90ee419a",
                "sha256:eb9fc393f3c61f9054e1ed26e6fe912c7321af2f41ff49d3f83d05bacf22cc78"
            ],
            "markers": "python_version >= '3.6'",
            "version": "==8.4.0"
        },
        "pluggy": {
            "hashes": [
                "sha256:4224373bacce55f955a878bf9cfa763c1e360858e330072059e10bad68531159",
                "sha256:74134bbf457f031a36d68416e1509f34bd5ccc019f0bcc952c7b909d06b37bd3"
            ],
            "markers": "python_version >= '3.6'",
            "version": "==1.0.0"
        },
        "py": {
            "hashes": [
                "sha256:51c75c4126074b472f746a24399ad32f6053d1b34b68d2fa41e558e6f4a98719",
                "sha256:607c53218732647dff4acdfcd50cb62615cedf612e72d1724fb1a0cc6405b378"
            ],
            "markers": "python_version >= '2.7' and python_version not in '3.0, 3.1, 3.2, 3.3, 3.4'",
            "version": "==1.11.0"
        },
        "pycparser": {
            "hashes": [
                "sha256:8ee45429555515e1f6b185e78100aea234072576aa43ab53aefcae078162fca9",
                "sha256:e644fdec12f7872f86c58ff790da456218b10f863970249516d60a5eaca77206"
            ],
            "version": "==2.21"
        },
        "pyopenssl": {
            "hashes": [
                "sha256:5e2d8c5e46d0d865ae933bef5230090bdaf5506281e9eec60fa250ee80600cb3",
                "sha256:8935bd4920ab9abfebb07c41a4f58296407ed77f04bd1a92914044b848ba1ed6"
            ],
            "version": "==21.0.0"
        },
        "pyparsing": {
            "hashes": [
                "sha256:04ff808a5b90911829c55c4e26f75fa5ca8a2f5f36aa3a51f68e27033341d3e4",
                "sha256:d9bdec0013ef1eb5a84ab39a3b3868911598afa494f5faa038647101504e2b81"
            ],
            "markers": "python_version >= '3.6'",
            "version": "==3.0.6"
        },
        "pytest": {
            "hashes": [
                "sha256:131b36680866a76e6781d13f101efb86cf674ebb9762eb70d3082b6f29889e89",
                "sha256:7310f8d27bc79ced999e760ca304d69f6ba6c6649c0b60fb0e04a4a77cacc134"
            ],
            "index": "pypi",
            "version": "==6.2.5"
        },
        "python-dateutil": {
            "hashes": [
                "sha256:0123cacc1627ae19ddf3c27a5de5bd67ee4586fbdd6440d9748f8abb483d3e86",
                "sha256:961d03dc3453ebbc59dbdea9e4e11c5651520a876d0f4db161e8674aae935da9"
            ],
            "markers": "python_version >= '2.7' and python_version not in '3.0, 3.1, 3.2, 3.3'",
            "version": "==2.8.2"
        },
        "pytz": {
            "hashes": [
                "sha256:3672058bc3453457b622aab7a1c3bfd5ab0bdae451512f6cf25f64ed37f5b87c",
                "sha256:acad2d8b20a1af07d4e4c9d2e9285c5ed9104354062f275f3fcd88dcef4f1326"
            ],
            "version": "==2021.3"
        },
        "regex": {
            "hashes": [
                "sha256:0416f7399e918c4b0e074a0f66e5191077ee2ca32a0f99d4c187a62beb47aa05",
                "sha256:05b7d6d7e64efe309972adab77fc2af8907bb93217ec60aa9fe12a0dad35874f",
                "sha256:0617383e2fe465732af4509e61648b77cbe3aee68b6ac8c0b6fe934db90be5cc",
                "sha256:07856afef5ffcc052e7eccf3213317fbb94e4a5cd8177a2caa69c980657b3cb4",
                "sha256:0f594b96fe2e0821d026365f72ac7b4f0b487487fb3d4aaf10dd9d97d88a9737",
                "sha256:139a23d1f5d30db2cc6c7fd9c6d6497872a672db22c4ae1910be22d4f4b2068a",
                "sha256:162abfd74e88001d20cb73ceaffbfe601469923e875caf9118333b1a4aaafdc4",
                "sha256:2207ae4f64ad3af399e2d30dde66f0b36ae5c3129b52885f1bffc2f05ec505c8",
                "sha256:2409b5c9cef7054dde93a9803156b411b677affc84fca69e908b1cb2c540025d",
                "sha256:2fee3ed82a011184807d2127f1733b4f6b2ff6ec7151d83ef3477f3b96a13d03",
                "sha256:30ab804ea73972049b7a2a5c62d97687d69b5a60a67adca07eb73a0ddbc9e29f",
                "sha256:3598893bde43091ee5ca0a6ad20f08a0435e93a69255eeb5f81b85e81e329264",
                "sha256:3b5df18db1fccd66de15aa59c41e4f853b5df7550723d26aa6cb7f40e5d9da5a",
                "sha256:3c5fb32cc6077abad3bbf0323067636d93307c9fa93e072771cf9a64d1c0f3ef",
                "sha256:416c5f1a188c91e3eb41e9c8787288e707f7d2ebe66e0a6563af280d9b68478f",
                "sha256:42b50fa6666b0d50c30a990527127334d6b96dd969011e843e726a64011485da",
                "sha256:432bd15d40ed835a51617521d60d0125867f7b88acf653e4ed994a1f8e4995dc",
                "sha256:473e67837f786404570eae33c3b64a4b9635ae9f00145250851a1292f484c063",
                "sha256:4aaa4e0705ef2b73dd8e36eeb4c868f80f8393f5f4d855e94025ce7ad8525f50",
                "sha256:50a7ddf3d131dc5633dccdb51417e2d1910d25cbcf842115a3a5893509140a3a",
                "sha256:529801a0d58809b60b3531ee804d3e3be4b412c94b5d267daa3de7fadef00f49",
                "sha256:537ca6a3586931b16a85ac38c08cc48f10fc870a5b25e51794c74df843e9966d",
                "sha256:53db2c6be8a2710b359bfd3d3aa17ba38f8aa72a82309a12ae99d3c0c3dcd74d",
                "sha256:5537f71b6d646f7f5f340562ec4c77b6e1c915f8baae822ea0b7e46c1f09b733",
                "sha256:563d5f9354e15e048465061509403f68424fef37d5add3064038c2511c8f5e00",
                "sha256:5d408a642a5484b9b4d11dea15a489ea0928c7e410c7525cd892f4d04f2f617b",
                "sha256:61600a7ca4bcf78a96a68a27c2ae9389763b5b94b63943d5158f2a377e09d29a",
                "sha256:6650f16365f1924d6014d2ea770bde8555b4a39dc9576abb95e3cd1ff0263b36",
                "sha256:666abff54e474d28ff42756d94544cdfd42e2ee97065857413b72e8a2d6a6345",
                "sha256:68a067c11463de2a37157930d8b153005085e42bcb7ad9ca562d77ba7d1404e0",
                "sha256:6e1d2cc79e8dae442b3fa4a26c5794428b98f81389af90623ffcc650ce9f6732",
                "sha256:74cbeac0451f27d4f50e6e8a8f3a52ca074b5e2da9f7b505c4201a57a8ed6286",
                "sha256:780b48456a0f0ba4d390e8b5f7c661fdd218934388cde1a974010a965e200e12",
                "sha256:788aef3549f1924d5c38263104dae7395bf020a42776d5ec5ea2b0d3d85d6646",
                "sha256:7ee1227cf08b6716c85504aebc49ac827eb88fcc6e51564f010f11a406c0a667",
                "sha256:7f301b11b9d214f83ddaf689181051e7f48905568b0c7017c04c06dfd065e244",
                "sha256:83ee89483672b11f8952b158640d0c0ff02dc43d9cb1b70c1564b49abe92ce29",
                "sha256:85bfa6a5413be0ee6c5c4a663668a2cad2cbecdee367630d097d7823041bdeec",
                "sha256:9345b6f7ee578bad8e475129ed40123d265464c4cfead6c261fd60fc9de00bcf",
                "sha256:93a5051fcf5fad72de73b96f07d30bc29665697fb8ecdfbc474f3452c78adcf4",
                "sha256:962b9a917dd7ceacbe5cd424556914cb0d636001e393b43dc886ba31d2a1e449",
                "sha256:96fc32c16ea6d60d3ca7f63397bff5c75c5a562f7db6dec7d412f7c4d2e78ec0",
                "sha256:98ba568e8ae26beb726aeea2273053c717641933836568c2a0278a84987b2a1a",
                "sha256:a3feefd5e95871872673b08636f96b61ebef62971eab044f5124fb4dea39919d",
                "sha256:a955b747d620a50408b7fdf948e04359d6e762ff8a85f5775d907ceced715129",
                "sha256:b43c2b8a330a490daaef5a47ab114935002b13b3f9dc5da56d5322ff218eeadb",
                "sha256:b483c9d00a565633c87abd0aaf27eb5016de23fed952e054ecc19ce32f6a9e7e",
                "sha256:b9ed0b1e5e0759d6b7f8e2f143894b2a7f3edd313f38cf44e1e15d360e11749b",
                "sha256:ba05430e819e58544e840a68b03b28b6d328aff2e41579037e8bab7653b37d83",
                "sha256:ca49e1ab99593438b204e00f3970e7a5f70d045267051dfa6b5f4304fcfa1dbf",
                "sha256:ca5f18a75e1256ce07494e245cdb146f5a9267d3c702ebf9b65c7f8bd843431e",
                "sha256:cd410a1cbb2d297c67d8521759ab2ee3f1d66206d2e4328502a487589a2cb21b",
                "sha256:ce298e3d0c65bd03fa65ffcc6db0e2b578e8f626d468db64fdf8457731052942",
                "sha256:d5ca078bb666c4a9d1287a379fe617a6dccd18c3e8a7e6c7e1eb8974330c626a",
                "sha256:d5fd67df77bab0d3f4ea1d7afca9ef15c2ee35dfb348c7b57ffb9782a6e4db6e",
                "sha256:da1a90c1ddb7531b1d5ff1e171b4ee61f6345119be7351104b67ff413843fe94",
                "sha256:dba70f30fd81f8ce6d32ddeef37d91c8948e5d5a4c63242d16a2b2df8143aafc",
                "sha256:dc07f021ee80510f3cd3af2cad5b6a3b3a10b057521d9e6aaeb621730d320c5a",
                "sha256:dd33eb9bdcfbabab3459c9ee651d94c842bc8a05fabc95edf4ee0c15a072495e",
                "sha256:e0538c43565ee6e703d3a7c3bdfe4037a5209250e8502c98f20fea6f5fdf2965",
                "sha256:e1f54b9b4b6c53369f40028d2dd07a8c374583417ee6ec0ea304e710a20f80a0",
                "sha256:e32d2a2b02ccbef10145df9135751abea1f9f076e67a4e261b05f24b94219e36",
                "sha256:e6096b0688e6e14af6a1b10eaad86b4ff17935c49aa774eac7c95a57a4e8c296",
                "sha256:e71255ba42567d34a13c03968736c5d39bb4a97ce98188fafb27ce981115beec",
                "sha256:ed2e07c6a26ed4bea91b897ee2b0835c21716d9a469a96c3e878dc5f8c55bb23",
                "sha256:eef2afb0fd1747f33f1ee3e209bce1ed582d1896b240ccc5e2697e3275f037c7",
                "sha256:f23222527b307970e383433daec128d769ff778d9b29343fb3496472dc20dabe",
                "sha256:f341ee2df0999bfdf7a95e448075effe0db212a59387de1a70690e4acb03d4c6",
                "sha256:f5be7805e53dafe94d295399cfbe5227f39995a997f4fd8539bf3cbdc8f47ca8",
                "sha256:f7f325be2804246a75a4f45c72d4ce80d2443ab815063cdf70ee8fb2ca59ee1b",
                "sha256:f8af619e3be812a2059b212064ea7a640aff0568d972cd1b9e920837469eb3cb",
                "sha256:fa8c626d6441e2d04b6ee703ef2d1e17608ad44c7cb75258c09dd42bacdfc64b",
                "sha256:fbb9dc00e39f3e6c0ef48edee202f9520dafb233e8b51b06b8428cfcb92abd30",
                "sha256:fff55f3ce50a3ff63ec8e2a8d3dd924f1941b250b0aac3d3d42b687eeff07a8e"
            ],
            "version": "==2021.11.10"
        },
        "requests": {
            "hashes": [
                "sha256:6c1246513ecd5ecd4528a0906f910e8f0f9c6b8ec72030dc9fd154dc1a6efd24",
                "sha256:b8aa58f8cf793ffd8782d3d8cb19e66ef36f7aba4353eec859e74678b01b07a7"
            ],
            "markers": "python_version >= '2.7' and python_version not in '3.0, 3.1, 3.2, 3.3, 3.4, 3.5'",
            "version": "==2.26.0"
        },
        "scipy": {
            "hashes": [
                "sha256:033ce76ed4e9f62923e1f8124f7e2b0800db533828c853b402c7eec6e9465d80",
                "sha256:173308efba2270dcd61cd45a30dfded6ec0085b4b6eb33b5eb11ab443005e088",
                "sha256:21b66200cf44b1c3e86495e3a436fc7a26608f92b8d43d344457c54f1c024cbc",
                "sha256:2c56b820d304dffcadbbb6cbfbc2e2c79ee46ea291db17e288e73cd3c64fefa9",
                "sha256:304dfaa7146cffdb75fbf6bb7c190fd7688795389ad060b970269c8576d038e9",
                "sha256:3f78181a153fa21c018d346f595edd648344751d7f03ab94b398be2ad083ed3e",
                "sha256:4d242d13206ca4302d83d8a6388c9dfce49fc48fdd3c20efad89ba12f785bf9e",
                "sha256:5d1cc2c19afe3b5a546ede7e6a44ce1ff52e443d12b231823268019f608b9b12",
                "sha256:5f2cfc359379c56b3a41b17ebd024109b2049f878badc1e454f31418c3a18436",
                "sha256:65bd52bf55f9a1071398557394203d881384d27b9c2cad7df9a027170aeaef93",
                "sha256:7edd9a311299a61e9919ea4192dd477395b50c014cdc1a1ac572d7c27e2207fa",
                "sha256:8499d9dd1459dc0d0fe68db0832c3d5fc1361ae8e13d05e6849b358dc3f2c279",
                "sha256:866ada14a95b083dd727a845a764cf95dd13ba3dc69a16b99038001b05439709",
                "sha256:87069cf875f0262a6e3187ab0f419f5b4280d3dcf4811ef9613c605f6e4dca95",
                "sha256:93378f3d14fff07572392ce6a6a2ceb3a1f237733bd6dcb9eb6a2b29b0d19085",
                "sha256:95c2d250074cfa76715d58830579c64dff7354484b284c2b8b87e5a38321672c",
                "sha256:ab5875facfdef77e0a47d5fd39ea178b58e60e454a4c85aa1e52fcb80db7babf",
                "sha256:b0e0aeb061a1d7dcd2ed59ea57ee56c9b23dd60100825f98238c06ee5cc4467e",
                "sha256:b78a35c5c74d336f42f44106174b9851c783184a85a3fe3e68857259b37b9ffb",
                "sha256:c9e04d7e9b03a8a6ac2045f7c5ef741be86727d8f49c45db45f244bdd2bcff17",
                "sha256:ca36e7d9430f7481fc7d11e015ae16fbd5575615a8e9060538104778be84addf",
                "sha256:ceebc3c4f6a109777c0053dfa0282fddb8893eddfb0d598574acfb734a926168",
                "sha256:e2c036492e673aad1b7b0d0ccdc0cb30a968353d2c4bf92ac8e73509e1bf212c",
                "sha256:eb326658f9b73c07081300daba90a8746543b5ea177184daed26528273157294",
                "sha256:eb7ae2c4dbdb3c9247e07acc532f91077ae6dbc40ad5bd5dca0bb5a176ee9bda",
                "sha256:edad1cf5b2ce1912c4d8ddad20e11d333165552aba262c882e28c78bbc09dbf6",
                "sha256:eef93a446114ac0193a7b714ce67659db80caf940f3232bad63f4c7a81bc18df",
                "sha256:f7eaea089345a35130bc9a39b89ec1ff69c208efa97b3f8b25ea5d4c41d88094",
                "sha256:f99d206db1f1ae735a8192ab93bd6028f3a42f6fa08467d37a14eb96c9dd34a3"
            ],
            "markers": "python_version < '3.11' and python_version >= '3.7'",
            "version": "==1.7.3"
        },
        "selenium": {
            "hashes": [
                "sha256:27e7b64df961d609f3d57237caa0df123abbbe22d038f2ec9e332fb90ec1a939"
            ],
            "index": "pypi",
            "version": "==4.1.0"
        },
        "six": {
            "hashes": [
                "sha256:1e61c37477a1626458e36f7b1d82aa5c9b094fa4802892072e49de9c60c4c926",
                "sha256:8abb2f1d86890a2dfb989f9a77cfcfd3e47c2a354b01111771326f8aa26e0254"
            ],
            "markers": "python_version >= '2.7' and python_version not in '3.0, 3.1, 3.2, 3.3'",
            "version": "==1.16.0"
        },
        "smart-open": {
            "hashes": [
                "sha256:71d14489da58b60ce12fc3ecb823facc59a8b23cd1b58edb97175640350d3a62",
                "sha256:75abf758717a92a8f53aa96953f0c245c8cedf8e1e4184903db3659b419d4c17"
            ],
            "markers": "python_version >= '3.6' and python_version < '4.0'",
            "version": "==5.2.1"
        },
        "sniffio": {
            "hashes": [
                "sha256:471b71698eac1c2112a40ce2752bb2f4a4814c22a54a3eed3676bc0f5ca9f663",
                "sha256:c4666eecec1d3f50960c6bdf61ab7bc350648da6c126e3cf6898d8cd4ddcd3de"
            ],
            "markers": "python_version >= '3.5'",
            "version": "==1.2.0"
        },
        "sortedcontainers": {
            "hashes": [
                "sha256:25caa5a06cc30b6b83d11423433f65d1f9d76c4c6a0c90e3379eaa43b9bfdb88",
                "sha256:a163dcaede0f1c021485e957a39245190e74249897e2ae4b2aa38595db237ee0"
            ],
            "version": "==2.4.0"
        },
        "soupsieve": {
            "hashes": [
                "sha256:1a3cca2617c6b38c0343ed661b1fa5de5637f257d4fe22bd9f1338010a1efefb",
                "sha256:b8d49b1cd4f037c7082a9683dfa1801aa2597fb11c3a1155b7a5b94829b4f1f9"
            ],
            "markers": "python_version >= '3.6'",
            "version": "==2.3.1"
        },
        "toml": {
            "hashes": [
                "sha256:806143ae5bfb6a3c6e736a764057db0e6a0e05e338b5630894a5f779cabb4f9b",
                "sha256:b3bda1d108d5dd99f4a20d24d9c348e91c4db7ab1b749200bded2f839ccbe68f"
            ],
            "markers": "python_version >= '2.6' and python_version not in '3.0, 3.1, 3.2, 3.3'",
            "version": "==0.10.2"
        },
        "torch": {
            "hashes": [
                "sha256:034df0b20603bfc81325094586647302891b9b20be7e36f152c7dd6af00deac1",
                "sha256:13e1ffab502aa32d6841a018771b47028d02dbbc685c5b79cfd61db5464dae4e",
                "sha256:3c0a942e0df104c80b0eedc30d2a19cdc3d28601bc6e280bf24b2e6255016d3b",
                "sha256:4499055547087d7ef7e8a754f09c2c4f1470297ae3e5490363dba66c75501b21",
                "sha256:56022b0ce94c54e95a2f63fc5a1494feb1fc3d5c7a9b35a62944651d03edef05",
                "sha256:67fc509e207b8e7330f2e76e77800950317d31d035a4d19593db991962afead4",
                "sha256:9013002adcb42bac05dcdbf0a03dd9f6bb5d7ab8b9817041c1176a014870786b",
                "sha256:ab0cf330714c8f79a837c04784a7a5658b014cf5a4ca527e7b710155ae519cdf",
                "sha256:aef7afb62e9b174b4e0e5e1e4a42e3bab3b8490a668d666f62f7d4517559fbf2",
                "sha256:b812e8d40d7037748da40bb695bd849e7b2e7faad4cd06df53d2cc4531926fda",
                "sha256:ca2c88fa4376e2648785029ab108e6e7abd784eb6535fc6036004b9254f9f7c1",
                "sha256:d6185827b285780653cdd81d77a09fdca76a5b190d5986d552be2a5c442cfaa4",
                "sha256:d6ef87470b44df9970e84542547d5ba7720bb89616602441df555a39b124e2bc",
                "sha256:d82e68302c9b5c76ed585e04d61be0ca2184f70cb8ffeba8610570609ad5d7c9",
                "sha256:e01ba5946267014abfdb30248bcdbd457aaa20cff749febe7fc191e5ae096af4",
                "sha256:e5822200bf80a1495ad98a2bb41803eeba4a85ce373e35fc65765f7f888f5374",
                "sha256:eea16c01af1980ba709c00e8d5e6c09bedb5b30f9fa2085f6a52a78d7dc4e125",
                "sha256:eea675ec01ec4b4a0655fd2984f166a5ca3b933dae6ad4eb4e52eba7026dc176"
            ],
            "index": "pypi",
            "version": "==1.10.0"
        },
        "torchtext": {
            "hashes": [
                "sha256:0f9e1d403bd368e2dd9f35dacaf8f982f9a379d5d3a66954f89efef17dc2726a",
                "sha256:195fe7940a2b57dff2a1e38b8a3826eaecb92138653fb4a769a19b6fde8a96e3",
                "sha256:293a58f55bb35b19a44e9f47f1be826266435f8aa243423bb67d349ee5ae031e",
                "sha256:424574fefcd021a17977c9de6f7ba3c85eddbeeed4b10bad7400de6c32ad60da",
                "sha256:4c15a107afac0487cf0c135dbe777090a095f33e34e5f82eef7e559ca1981102",
                "sha256:5bf4ce9b7379999dfa11e123c82de259284f25566bd7a8885d3b31a12c37a3e7",
                "sha256:81aaf39aa332b7965dcbfa573f6fcb25eaebb6cc59d064d56ffe4dfb1339982c",
                "sha256:83ffe0dcb7894ceffaa3b40410ad1cb4b92cd7cf19ea2ab0fdb1dfbedd7a4acd",
                "sha256:90c3255c3f31e6a64c52a4a729ce22d43b98cbb22ceae5fb0a55670734fcbf46",
                "sha256:9456f89a607ce9a1a14aebfe573812c560720bc72c4856ba5197ceff1ac4c3df",
                "sha256:a21473c11e70beddda234055ae7e46eed317ca5977bdb2b2735b9e67a3617c23",
                "sha256:bc5f8c44f62a87dd3f91bab19a2d91c7c43b22f81b7a20ece52f97c55774eee3",
                "sha256:c6ae98b822882dfccbb7ae7fa979ac401ae15e0a8eb873818032dc8bd440dab5",
                "sha256:e9020e999e0b50af3167b3f7762b5893dcde6aa78f750e709f2e5513ba5cbf28",
                "sha256:f4d04a72a69dff2be236b4ac4b4dd1d438f3c4a3210d563f6d6af303ae202bc9",
                "sha256:f73e37d9a00c395370b597df8668c107d81273ad6d835fe9970f5d8eff95a7ea"
            ],
            "index": "pypi",
            "version": "==0.11.0"
        },
        "torchvision": {
            "hashes": [
                "sha256:0c3bb474e298f3655f419e0f13a0c1ca0ef89f43e0f3f7b7ef603f3f1728543a",
                "sha256:11e0b162f7a8ee7fa959b9e0f2a15fb858af0b2e6f79f5a0527db55327241d26",
                "sha256:18f9e1d571be810ee9a4b8604f88748e5eb4e545171f0167ad734bf080eacf2d",
                "sha256:1fde05a1cc41f1fa3771723aad2435eb745513534209e51b349b009769895586",
                "sha256:3c1ba63eaf36d8dff7e0326dc61a73dbb100530ad4231c56427002689cada00b",
                "sha256:4e41b0a35587d2284468eddff31642704d4b218ea0e5505bb60881a94d2688e6",
                "sha256:597d82e9b186f59695ea19ff96d4b46b74f0be52227b0a77d7cf9a9d20e6801c",
                "sha256:5dec0014240f93c17837b37a194c6a35ba99da9c3b7c5b8341f7fb2bcc676e04",
                "sha256:6ac7aa49f81cdab4176131c3004bc86a5e5525d0be430172c78e6e2bb604e675",
                "sha256:73fae784c31a5ec7ddddefe0ba36ff3fac5131dc9c8babae3fab4ea9885b682a",
                "sha256:75ea4c021e348315a655b3f94734d9ddaf5650a7ace53759dff38a13469c7cfa",
                "sha256:7d28c1cd3f8f470c5faf46b426969d9db1113aa9414fc5a3056e20c7cf91a746",
                "sha256:8bb26e3856f163d9fe9287ad19105e93368e1c1d70d58101a9370d0acdb12865",
                "sha256:99c92a02832e84e51c47e303a76e57e09776abf5009b046e9269ea7387d5aadb",
                "sha256:b56285c3da0abd11cdf86cad82c4aebbb57ab6975673a4f87d686c612dda66b7",
                "sha256:f0be815759290ad81cafdab17973b040f8317fc59c740ad67948ebb9271e763c"
            ],
            "index": "pypi",
            "version": "==0.11.1"
        },
        "tqdm": {
            "hashes": [
                "sha256:8dd278a422499cd6b727e6ae4061c40b48fce8b76d1ccbf5d34fca9b7f925b0c",
                "sha256:d359de7217506c9851b7869f3708d8ee53ed70a1b8edbba4dbcb47442592920d"
            ],
            "markers": "python_version >= '2.7' and python_version not in '3.0, 3.1, 3.2, 3.3'",
            "version": "==4.62.3"
        },
        "trio": {
            "hashes": [
                "sha256:895e318e5ec5e8cea9f60b473b6edb95b215e82d99556a03eb2d20c5e027efe1",
                "sha256:c27c231e66336183c484fbfe080fa6cc954149366c15dc21db8b7290081ec7b8"
            ],
            "markers": "python_version >= '3.6'",
            "version": "==0.19.0"
        },
        "trio-websocket": {
            "hashes": [
                "sha256:5b558f6e83cc20a37c3b61202476c5295d1addf57bd65543364e0337e37ed2bc",
                "sha256:a3d34de8fac26023eee701ed1e7bf4da9a8326b61a62934ec9e53b64970fd8fe"
            ],
            "markers": "python_version >= '3.5'",
            "version": "==0.9.2"
        },
        "typing-extensions": {
            "hashes": [
                "sha256:4ca091dea149f945ec56afb48dae714f21e8692ef22a395223bcd328961b6a0e",
                "sha256:7f001e5ac290a0c0401508864c7ec868be4e701886d5b573a9528ed3973d9d3b"
            ],
            "markers": "python_version >= '3.6'",
            "version": "==4.0.1"
        },
        "urllib3": {
            "extras": [
                "secure"
            ],
            "hashes": [
                "sha256:4987c65554f7a2dbf30c18fd48778ef124af6fab771a377103da0585e2336ece",
                "sha256:c4fdf4019605b6e5423637e01bc9fe4daef873709a7973e195ceba0a62bbc844"
            ],
            "markers": "python_version >= '2.7' and python_version not in '3.0, 3.1, 3.2, 3.3, 3.4' and python_version < '4.0'",
            "version": "==1.26.7"
        },
        "wsproto": {
            "hashes": [
                "sha256:868776f8456997ad0d9720f7322b746bbe9193751b5b290b7f924659377c8c38",
                "sha256:d8345d1808dd599b5ffb352c25a367adb6157e664e140dbecba3f9bc007edb9f"
            ],
            "markers": "python_full_version >= '3.6.1'",
            "version": "==1.0.0"
        }
    },
    "develop": {
        "attrs": {
            "hashes": [
                "sha256:149e90d6d8ac20db7a955ad60cf0e6881a3f20d37096140088356da6c716b0b1",
                "sha256:ef6aaac3ca6cd92904cdd0d83f629a15f18053ec84e6432106f7a4d04ae4f5fb"
            ],
            "markers": "python_version >= '2.7' and python_version not in '3.0, 3.1, 3.2, 3.3, 3.4'",
            "version": "==21.2.0"
        },
        "iniconfig": {
            "hashes": [
                "sha256:011e24c64b7f47f6ebd835bb12a743f2fbe9a26d4cecaa7f53bc4f35ee9da8b3",
                "sha256:bc3af051d7d14b2ee5ef9969666def0cd1a000e121eaea580d4a313df4b37f32"
            ],
            "version": "==1.1.1"
        },
        "packaging": {
            "hashes": [
                "sha256:dd47c42927d89ab911e606518907cc2d3a1f38bbd026385970643f9c5b8ecfeb",
                "sha256:ef103e05f519cdc783ae24ea4e2e0f508a9c99b2d4969652eed6a2e1ea5bd522"
            ],
            "markers": "python_version >= '3.6'",
            "version": "==21.3"
        },
        "pluggy": {
            "hashes": [
                "sha256:4224373bacce55f955a878bf9cfa763c1e360858e330072059e10bad68531159",
                "sha256:74134bbf457f031a36d68416e1509f34bd5ccc019f0bcc952c7b909d06b37bd3"
            ],
            "markers": "python_version >= '3.6'",
            "version": "==1.0.0"
        },
        "py": {
            "hashes": [
                "sha256:51c75c4126074b472f746a24399ad32f6053d1b34b68d2fa41e558e6f4a98719",
                "sha256:607c53218732647dff4acdfcd50cb62615cedf612e72d1724fb1a0cc6405b378"
            ],
            "markers": "python_version >= '2.7' and python_version not in '3.0, 3.1, 3.2, 3.3, 3.4'",
            "version": "==1.11.0"
        },
        "pyparsing": {
            "hashes": [
                "sha256:04ff808a5b90911829c55c4e26f75fa5ca8a2f5f36aa3a51f68e27033341d3e4",
                "sha256:d9bdec0013ef1eb5a84ab39a3b3868911598afa494f5faa038647101504e2b81"
            ],
            "markers": "python_version >= '3.6'",
            "version": "==3.0.6"
        },
        "pytest": {
            "hashes": [
                "sha256:131b36680866a76e6781d13f101efb86cf674ebb9762eb70d3082b6f29889e89",
                "sha256:7310f8d27bc79ced999e760ca304d69f6ba6c6649c0b60fb0e04a4a77cacc134"
            ],
            "index": "pypi",
            "version": "==6.2.5"
        },
        "toml": {
            "hashes": [
                "sha256:806143ae5bfb6a3c6e736a764057db0e6a0e05e338b5630894a5f779cabb4f9b",
                "sha256:b3bda1d108d5dd99f4a20d24d9c348e91c4db7ab1b749200bded2f839ccbe68f"
            ],
            "markers": "python_version >= '2.6' and python_version not in '3.0, 3.1, 3.2, 3.3'",
            "version": "==0.10.2"
        }
    }
}
